// !$*UTF8*$!
{
	archiveVersion = 1;
	classes = {
	};
	objectVersion = 46;
	objects = {

/* Begin PBXBuildFile section */
		3C04F94E1FA7CD4600915851 /* Constants.swift in Sources */ = {isa = PBXBuildFile; fileRef = 3C04F94D1FA7CD4600915851 /* Constants.swift */; };
		3C04F9501FA7D3C700915851 /* CurrentWeather.swift in Sources */ = {isa = PBXBuildFile; fileRef = 3C04F94F1FA7D3C700915851 /* CurrentWeather.swift */; };
		3C1298BC1FACEBB900C1563B /* Forecast.swift in Sources */ = {isa = PBXBuildFile; fileRef = 3C1298BB1FACEBB900C1563B /* Forecast.swift */; };
		3C8D23FC1F96BA5D001FC16C /* AppDelegate.swift in Sources */ = {isa = PBXBuildFile; fileRef = 3C8D23FB1F96BA5D001FC16C /* AppDelegate.swift */; };
		3C8D23FE1F96BA5D001FC16C /* WeatherVC.swift in Sources */ = {isa = PBXBuildFile; fileRef = 3C8D23FD1F96BA5D001FC16C /* WeatherVC.swift */; };
		3C8D24011F96BA5D001FC16C /* Main.storyboard in Resources */ = {isa = PBXBuildFile; fileRef = 3C8D23FF1F96BA5D001FC16C /* Main.storyboard */; };
		3C8D24031F96BA5D001FC16C /* Assets.xcassets in Resources */ = {isa = PBXBuildFile; fileRef = 3C8D24021F96BA5D001FC16C /* Assets.xcassets */; };
		3C8D24061F96BA5D001FC16C /* LaunchScreen.storyboard in Resources */ = {isa = PBXBuildFile; fileRef = 3C8D24041F96BA5D001FC16C /* LaunchScreen.storyboard */; };
		3CAC6DD61FAD9875002D9EF2 /* WeatherCell.swift in Sources */ = {isa = PBXBuildFile; fileRef = 3CAC6DD51FAD9875002D9EF2 /* WeatherCell.swift */; };
		3CAC6DD81FB0D99C002D9EF2 /* Location.swift in Sources */ = {isa = PBXBuildFile; fileRef = 3CAC6DD71FB0D99C002D9EF2 /* Location.swift */; };
		B92A21D75D9634578FEE38C3 /* Pods_RainyShinyCloudy.framework in Frameworks */ = {isa = PBXBuildFile; fileRef = 2B0A520D8D6EF2E9391D0F85 /* Pods_RainyShinyCloudy.framework */; };
/* End PBXBuildFile section */

/* Begin PBXContainerItemProxy section */
		3C3B039F1FB29C110076FE21 /* PBXContainerItemProxy */ = {
			isa = PBXContainerItemProxy;
			containerPortal = 3C3B039A1FB29C110076FE21 /* Pods.xcodeproj */;
			proxyType = 2;
			remoteGlobalIDString = 713DCCD470E807C4B1F87418F43654AD;
			remoteInfo = Alamofire;
		};
		3C3B03A11FB29C110076FE21 /* PBXContainerItemProxy */ = {
			isa = PBXContainerItemProxy;
			containerPortal = 3C3B039A1FB29C110076FE21 /* Pods.xcodeproj */;
			proxyType = 2;
			remoteGlobalIDString = 88453FEBCFBFE59DFB763BEAA7DA5DBD;
			remoteInfo = "Pods-RainyShinyCloudy";
		};
/* End PBXContainerItemProxy section */

/* Begin PBXFileReference section */
		2B0A520D8D6EF2E9391D0F85 /* Pods_RainyShinyCloudy.framework */ = {isa = PBXFileReference; explicitFileType = wrapper.framework; includeInIndex = 0; path = Pods_RainyShinyCloudy.framework; sourceTree = BUILT_PRODUCTS_DIR; };
		3C04F94D1FA7CD4600915851 /* Constants.swift */ = {isa = PBXFileReference; fileEncoding = 4; lastKnownFileType = sourcecode.swift; path = Constants.swift; sourceTree = "<group>"; };
		3C04F94F1FA7D3C700915851 /* CurrentWeather.swift */ = {isa = PBXFileReference; fileEncoding = 4; lastKnownFileType = sourcecode.swift; path = CurrentWeather.swift; sourceTree = "<group>"; };
		3C1298BB1FACEBB900C1563B /* Forecast.swift */ = {isa = PBXFileReference; fileEncoding = 4; lastKnownFileType = sourcecode.swift; path = Forecast.swift; sourceTree = "<group>"; };
		3C3B039A1FB29C110076FE21 /* Pods.xcodeproj */ = {isa = PBXFileReference; lastKnownFileType = "wrapper.pb-project"; path = Pods.xcodeproj; sourceTree = "<group>"; };
		3C8D23F81F96BA5D001FC16C /* RainyShinyCloudy.app */ = {isa = PBXFileReference; explicitFileType = wrapper.application; includeInIndex = 0; path = RainyShinyCloudy.app; sourceTree = BUILT_PRODUCTS_DIR; };
		3C8D23FB1F96BA5D001FC16C /* AppDelegate.swift */ = {isa = PBXFileReference; lastKnownFileType = sourcecode.swift; path = AppDelegate.swift; sourceTree = "<group>"; };
		3C8D23FD1F96BA5D001FC16C /* WeatherVC.swift */ = {isa = PBXFileReference; lastKnownFileType = sourcecode.swift; path = WeatherVC.swift; sourceTree = "<group>"; };
		3C8D24001F96BA5D001FC16C /* Base */ = {isa = PBXFileReference; lastKnownFileType = file.storyboard; name = Base; path = Base.lproj/Main.storyboard; sourceTree = "<group>"; };
		3C8D24021F96BA5D001FC16C /* Assets.xcassets */ = {isa = PBXFileReference; lastKnownFileType = folder.assetcatalog; path = Assets.xcassets; sourceTree = "<group>"; };
		3C8D24051F96BA5D001FC16C /* Base */ = {isa = PBXFileReference; lastKnownFileType = file.storyboard; name = Base; path = Base.lproj/LaunchScreen.storyboard; sourceTree = "<group>"; };
		3C8D24071F96BA5D001FC16C /* Info.plist */ = {isa = PBXFileReference; lastKnownFileType = text.plist.xml; name = Info.plist; path = RainyShinyCloudy/Info.plist; sourceTree = "<group>"; };
		3CAC6DD51FAD9875002D9EF2 /* WeatherCell.swift */ = {isa = PBXFileReference; fileEncoding = 4; lastKnownFileType = sourcecode.swift; path = WeatherCell.swift; sourceTree = "<group>"; };
		3CAC6DD71FB0D99C002D9EF2 /* Location.swift */ = {isa = PBXFileReference; fileEncoding = 4; lastKnownFileType = sourcecode.swift; path = Location.swift; sourceTree = "<group>"; };
		ACD623BEF4C8CB9FC99945A1 /* Pods-RainyShinyCloudy.release.xcconfig */ = {isa = PBXFileReference; includeInIndex = 1; lastKnownFileType = text.xcconfig; name = "Pods-RainyShinyCloudy.release.xcconfig"; path = "Pods/Target Support Files/Pods-RainyShinyCloudy/Pods-RainyShinyCloudy.release.xcconfig"; sourceTree = "<group>"; };
		FFB1D31C5F12F314F0AF68DF /* Pods-RainyShinyCloudy.debug.xcconfig */ = {isa = PBXFileReference; includeInIndex = 1; lastKnownFileType = text.xcconfig; name = "Pods-RainyShinyCloudy.debug.xcconfig"; path = "Pods/Target Support Files/Pods-RainyShinyCloudy/Pods-RainyShinyCloudy.debug.xcconfig"; sourceTree = "<group>"; };
/* End PBXFileReference section */

/* Begin PBXFrameworksBuildPhase section */
		3C8D23F51F96BA5D001FC16C /* Frameworks */ = {
			isa = PBXFrameworksBuildPhase;
			buildActionMask = 2147483647;
			files = (
				B92A21D75D9634578FEE38C3 /* Pods_RainyShinyCloudy.framework in Frameworks */,
			);
			runOnlyForDeploymentPostprocessing = 0;
		};
/* End PBXFrameworksBuildPhase section */

/* Begin PBXGroup section */
		3C04F9511FA7D8A500915851 /* Controller */ = {
			isa = PBXGroup;
			children = (
				3C8D23FB1F96BA5D001FC16C /* AppDelegate.swift */,
				3CAC6DD51FAD9875002D9EF2 /* WeatherCell.swift */,
				3C8D23FD1F96BA5D001FC16C /* WeatherVC.swift */,
			);
			name = Controller;
			sourceTree = "<group>";
		};
		3C04F9521FA7D8B200915851 /* View */ = {
			isa = PBXGroup;
			children = (
				3C8D24041F96BA5D001FC16C /* LaunchScreen.storyboard */,
				3C8D23FF1F96BA5D001FC16C /* Main.storyboard */,
				3C8D24021F96BA5D001FC16C /* Assets.xcassets */,
			);
			name = View;
			sourceTree = "<group>";
		};
		3C04F9531FA7D8BE00915851 /* Model */ = {
			isa = PBXGroup;
			children = (
				3C04F94D1FA7CD4600915851 /* Constants.swift */,
				3CAC6DD71FB0D99C002D9EF2 /* Location.swift */,
				3C04F94F1FA7D3C700915851 /* CurrentWeather.swift */,
				3C1298BB1FACEBB900C1563B /* Forecast.swift */,
			);
			name = Model;
			sourceTree = "<group>";
		};
		3C3B03991FB296F70076FE21 /* Supporting Files */ = {
			isa = PBXGroup;
			children = (
				3C8D24071F96BA5D001FC16C /* Info.plist */,
			);
			name = "Supporting Files";
			sourceTree = "<group>";
		};
		3C3B039B1FB29C110076FE21 /* Products */ = {
			isa = PBXGroup;
			children = (
				3C3B03A01FB29C110076FE21 /* Alamofire.framework */,
				3C3B03A21FB29C110076FE21 /* Pods_RainyShinyCloudy.framework */,
			);
			name = Products;
			sourceTree = "<group>";
		};
		3C8D23EF1F96BA5D001FC16C = {
			isa = PBXGroup;
			children = (
				3C8D23FA1F96BA5D001FC16C /* RainyShinyCloudy */,
				3C3B03991FB296F70076FE21 /* Supporting Files */,
				3C8D23F91F96BA5D001FC16C /* Products */,
				D6165FB74C3DC5F05B1CB6F7 /* Pods */,
				475D203FD912B806311874A5 /* Frameworks */,
			);
			sourceTree = "<group>";
		};
		3C8D23F91F96BA5D001FC16C /* Products */ = {
			isa = PBXGroup;
			children = (
				3C8D23F81F96BA5D001FC16C /* RainyShinyCloudy.app */,
			);
			name = Products;
			sourceTree = "<group>";
		};
		3C8D23FA1F96BA5D001FC16C /* RainyShinyCloudy */ = {
			isa = PBXGroup;
			children = (
				3C3B039A1FB29C110076FE21 /* Pods.xcodeproj */,
				3C04F9531FA7D8BE00915851 /* Model */,
				3C04F9521FA7D8B200915851 /* View */,
				3C04F9511FA7D8A500915851 /* Controller */,
			);
			path = RainyShinyCloudy;
			sourceTree = "<group>";
		};
		475D203FD912B806311874A5 /* Frameworks */ = {
			isa = PBXGroup;
			children = (
				2B0A520D8D6EF2E9391D0F85 /* Pods_RainyShinyCloudy.framework */,
			);
			name = Frameworks;
			sourceTree = "<group>";
		};
		D6165FB74C3DC5F05B1CB6F7 /* Pods */ = {
			isa = PBXGroup;
			children = (
				FFB1D31C5F12F314F0AF68DF /* Pods-RainyShinyCloudy.debug.xcconfig */,
				ACD623BEF4C8CB9FC99945A1 /* Pods-RainyShinyCloudy.release.xcconfig */,
			);
			name = Pods;
			sourceTree = "<group>";
		};
/* End PBXGroup section */

/* Begin PBXNativeTarget section */
		3C8D23F71F96BA5D001FC16C /* RainyShinyCloudy */ = {
			isa = PBXNativeTarget;
			buildConfigurationList = 3C8D240A1F96BA5D001FC16C /* Build configuration list for PBXNativeTarget "RainyShinyCloudy" */;
			buildPhases = (
				35E6DCD16DACE46179210B99 /* [CP] Check Pods Manifest.lock */,
				3C8D23F41F96BA5D001FC16C /* Sources */,
				3C8D23F51F96BA5D001FC16C /* Frameworks */,
				3C8D23F61F96BA5D001FC16C /* Resources */,
				2931385A6430EE18898AFEDF /* [CP] Embed Pods Frameworks */,
				47A8804C9DDB441ED8A6B4DD /* [CP] Copy Pods Resources */,
			);
			buildRules = (
			);
			dependencies = (
			);
			name = RainyShinyCloudy;
			productName = RainyShinyCloudy;
			productReference = 3C8D23F81F96BA5D001FC16C /* RainyShinyCloudy.app */;
			productType = "com.apple.product-type.application";
		};
/* End PBXNativeTarget section */

/* Begin PBXProject section */
		3C8D23F01F96BA5D001FC16C /* Project object */ = {
			isa = PBXProject;
			attributes = {
				LastSwiftUpdateCheck = 0830;
				LastUpgradeCheck = 0830;
				ORGANIZATIONNAME = "Popcorn Labs";
				TargetAttributes = {
					3C8D23F71F96BA5D001FC16C = {
						CreatedOnToolsVersion = 8.3.3;
						DevelopmentTeam = T9Y97N7H43;
						ProvisioningStyle = Automatic;
					};
				};
			};
			buildConfigurationList = 3C8D23F31F96BA5D001FC16C /* Build configuration list for PBXProject "RainyShinyCloudy" */;
			compatibilityVersion = "Xcode 3.2";
			developmentRegion = English;
			hasScannedForEncodings = 0;
			knownRegions = (
				en,
				Base,
			);
			mainGroup = 3C8D23EF1F96BA5D001FC16C;
			productRefGroup = 3C8D23F91F96BA5D001FC16C /* Products */;
			projectDirPath = "";
			projectReferences = (
				{
					ProductGroup = 3C3B039B1FB29C110076FE21 /* Products */;
					ProjectRef = 3C3B039A1FB29C110076FE21 /* Pods.xcodeproj */;
				},
			);
			projectRoot = "";
			targets = (
				3C8D23F71F96BA5D001FC16C /* RainyShinyCloudy */,
			);
		};
/* End PBXProject section */

/* Begin PBXReferenceProxy section */
		3C3B03A01FB29C110076FE21 /* Alamofire.framework */ = {
			isa = PBXReferenceProxy;
			fileType = wrapper.framework;
			path = Alamofire.framework;
			remoteRef = 3C3B039F1FB29C110076FE21 /* PBXContainerItemProxy */;
			sourceTree = BUILT_PRODUCTS_DIR;
		};
		3C3B03A21FB29C110076FE21 /* Pods_RainyShinyCloudy.framework */ = {
			isa = PBXReferenceProxy;
			fileType = wrapper.framework;
			path = Pods_RainyShinyCloudy.framework;
			remoteRef = 3C3B03A11FB29C110076FE21 /* PBXContainerItemProxy */;
			sourceTree = BUILT_PRODUCTS_DIR;
		};
/* End PBXReferenceProxy section */

/* Begin PBXResourcesBuildPhase section */
		3C8D23F61F96BA5D001FC16C /* Resources */ = {
			isa = PBXResourcesBuildPhase;
			buildActionMask = 2147483647;
			files = (
				3C8D24061F96BA5D001FC16C /* LaunchScreen.storyboard in Resources */,
				3C8D24031F96BA5D001FC16C /* Assets.xcassets in Resources */,
				3C8D24011F96BA5D001FC16C /* Main.storyboard in Resources */,
			);
			runOnlyForDeploymentPostprocessing = 0;
		};
/* End PBXResourcesBuildPhase section */

/* Begin PBXShellScriptBuildPhase section */
		2931385A6430EE18898AFEDF /* [CP] Embed Pods Frameworks */ = {
			isa = PBXShellScriptBuildPhase;
			buildActionMask = 2147483647;
			files = (
			);
			inputPaths = (
				"${SRCROOT}/Pods/Target Support Files/Pods-RainyShinyCloudy/Pods-RainyShinyCloudy-frameworks.sh",
				"${BUILT_PRODUCTS_DIR}/Alamofire/Alamofire.framework",
			);
			name = "[CP] Embed Pods Frameworks";
			outputPaths = (
				"${TARGET_BUILD_DIR}/${FRAMEWORKS_FOLDER_PATH}/Alamofire.framework",
			);
			runOnlyForDeploymentPostprocessing = 0;
			shellPath = /bin/sh;
			shellScript = "\"${SRCROOT}/Pods/Target Support Files/Pods-RainyShinyCloudy/Pods-RainyShinyCloudy-frameworks.sh\"\n";
			showEnvVarsInLog = 0;
		};
		35E6DCD16DACE46179210B99 /* [CP] Check Pods Manifest.lock */ = {
			isa = PBXShellScriptBuildPhase;
			buildActionMask = 2147483647;
			files = (
			);
			inputPaths = (
				"${PODS_PODFILE_DIR_PATH}/Podfile.lock",
				"${PODS_ROOT}/Manifest.lock",
			);
			name = "[CP] Check Pods Manifest.lock";
			outputPaths = (
				"$(DERIVED_FILE_DIR)/Pods-RainyShinyCloudy-checkManifestLockResult.txt",
			);
			runOnlyForDeploymentPostprocessing = 0;
			shellPath = /bin/sh;
			shellScript = "diff \"${PODS_PODFILE_DIR_PATH}/Podfile.lock\" \"${PODS_ROOT}/Manifest.lock\" > /dev/null\nif [ $? != 0 ] ; then\n    # print error to STDERR\n    echo \"error: The sandbox is not in sync with the Podfile.lock. Run 'pod install' or update your CocoaPods installation.\" >&2\n    exit 1\nfi\n# This output is used by Xcode 'outputs' to avoid re-running this script phase.\necho \"SUCCESS\" > \"${SCRIPT_OUTPUT_FILE_0}\"\n";
			showEnvVarsInLog = 0;
		};
		47A8804C9DDB441ED8A6B4DD /* [CP] Copy Pods Resources */ = {
			isa = PBXShellScriptBuildPhase;
			buildActionMask = 2147483647;
			files = (
			);
			inputPaths = (
			);
			name = "[CP] Copy Pods Resources";
			outputPaths = (
			);
			runOnlyForDeploymentPostprocessing = 0;
			shellPath = /bin/sh;
			shellScript = "\"${SRCROOT}/Pods/Target Support Files/Pods-RainyShinyCloudy/Pods-RainyShinyCloudy-resources.sh\"\n";
			showEnvVarsInLog = 0;
		};
/* End PBXShellScriptBuildPhase section */

/* Begin PBXSourcesBuildPhase section */
		3C8D23F41F96BA5D001FC16C /* Sources */ = {
			isa = PBXSourcesBuildPhase;
			buildActionMask = 2147483647;
			files = (
				3C8D23FE1F96BA5D001FC16C /* WeatherVC.swift in Sources */,
				3C8D23FC1F96BA5D001FC16C /* AppDelegate.swift in Sources */,
				3CAC6DD61FAD9875002D9EF2 /* WeatherCell.swift in Sources */,
				3C04F9501FA7D3C700915851 /* CurrentWeather.swift in Sources */,
				3C04F94E1FA7CD4600915851 /* Constants.swift in Sources */,
				3C1298BC1FACEBB900C1563B /* Forecast.swift in Sources */,
				3CAC6DD81FB0D99C002D9EF2 /* Location.swift in Sources */,
			);
			runOnlyForDeploymentPostprocessing = 0;
		};
/* End PBXSourcesBuildPhase section */

/* Begin PBXVariantGroup section */
		3C8D23FF1F96BA5D001FC16C /* Main.storyboard */ = {
			isa = PBXVariantGroup;
			children = (
				3C8D24001F96BA5D001FC16C /* Base */,
			);
			name = Main.storyboard;
			sourceTree = "<group>";
		};
		3C8D24041F96BA5D001FC16C /* LaunchScreen.storyboard */ = {
			isa = PBXVariantGroup;
			children = (
				3C8D24051F96BA5D001FC16C /* Base */,
			);
			name = LaunchScreen.storyboard;
			sourceTree = "<group>";
		};
/* End PBXVariantGroup section */

/* Begin XCBuildConfiguration section */
		3C8D24081F96BA5D001FC16C /* Debug */ = {
			isa = XCBuildConfiguration;
			buildSettings = {
				ALWAYS_SEARCH_USER_PATHS = NO;
				CLANG_ANALYZER_NONNULL = YES;
				CLANG_ANALYZER_NUMBER_OBJECT_CONVERSION = YES_AGGRESSIVE;
				CLANG_CXX_LANGUAGE_STANDARD = "gnu++0x";
				CLANG_CXX_LIBRARY = "libc++";
				CLANG_ENABLE_MODULES = YES;
				CLANG_ENABLE_OBJC_ARC = YES;
				CLANG_WARN_BOOL_CONVERSION = YES;
				CLANG_WARN_CONSTANT_CONVERSION = YES;
				CLANG_WARN_DIRECT_OBJC_ISA_USAGE = YES_ERROR;
				CLANG_WARN_DOCUMENTATION_COMMENTS = YES;
				CLANG_WARN_EMPTY_BODY = YES;
				CLANG_WARN_ENUM_CONVERSION = YES;
				CLANG_WARN_INFINITE_RECURSION = YES;
				CLANG_WARN_INT_CONVERSION = YES;
				CLANG_WARN_OBJC_ROOT_CLASS = YES_ERROR;
				CLANG_WARN_SUSPICIOUS_MOVE = YES;
				CLANG_WARN_UNREACHABLE_CODE = YES;
				CLANG_WARN__DUPLICATE_METHOD_MATCH = YES;
				"CODE_SIGN_IDENTITY[sdk=iphoneos*]" = "iPhone Developer";
				COPY_PHASE_STRIP = NO;
				DEBUG_INFORMATION_FORMAT = dwarf;
				ENABLE_STRICT_OBJC_MSGSEND = YES;
				ENABLE_TESTABILITY = YES;
				GCC_C_LANGUAGE_STANDARD = gnu99;
				GCC_DYNAMIC_NO_PIC = NO;
				GCC_NO_COMMON_BLOCKS = YES;
				GCC_OPTIMIZATION_LEVEL = 0;
				GCC_PREPROCESSOR_DEFINITIONS = (
					"DEBUG=1",
					"$(inherited)",
				);
				GCC_WARN_64_TO_32_BIT_CONVERSION = YES;
				GCC_WARN_ABOUT_RETURN_TYPE = YES_ERROR;
				GCC_WARN_UNDECLARED_SELECTOR = YES;
				GCC_WARN_UNINITIALIZED_AUTOS = YES_AGGRESSIVE;
				GCC_WARN_UNUSED_FUNCTION = YES;
				GCC_WARN_UNUSED_VARIABLE = YES;
				IPHONEOS_DEPLOYMENT_TARGET = 10.3;
				MTL_ENABLE_DEBUG_INFO = YES;
				ONLY_ACTIVE_ARCH = YES;
				SDKROOT = iphoneos;
				SWIFT_ACTIVE_COMPILATION_CONDITIONS = DEBUG;
				SWIFT_OPTIMIZATION_LEVEL = "-Onone";
				TARGETED_DEVICE_FAMILY = "1,2";
			};
			name = Debug;
		};
		3C8D24091F96BA5D001FC16C /* Release */ = {
			isa = XCBuildConfiguration;
			buildSettings = {
				ALWAYS_SEARCH_USER_PATHS = NO;
				CLANG_ANALYZER_NONNULL = YES;
				CLANG_ANALYZER_NUMBER_OBJECT_CONVERSION = YES_AGGRESSIVE;
				CLANG_CXX_LANGUAGE_STANDARD = "gnu++0x";
				CLANG_CXX_LIBRARY = "libc++";
				CLANG_ENABLE_MODULES = YES;
				CLANG_ENABLE_OBJC_ARC = YES;
				CLANG_WARN_BOOL_CONVERSION = YES;
				CLANG_WARN_CONSTANT_CONVERSION = YES;
				CLANG_WARN_DIRECT_OBJC_ISA_USAGE = YES_ERROR;
				CLANG_WARN_DOCUMENTATION_COMMENTS = YES;
				CLANG_WARN_EMPTY_BODY = YES;
				CLANG_WARN_ENUM_CONVERSION = YES;
				CLANG_WARN_INFINITE_RECURSION = YES;
				CLANG_WARN_INT_CONVERSION = YES;
				CLANG_WARN_OBJC_ROOT_CLASS = YES_ERROR;
				CLANG_WARN_SUSPICIOUS_MOVE = YES;
				CLANG_WARN_UNREACHABLE_CODE = YES;
				CLANG_WARN__DUPLICATE_METHOD_MATCH = YES;
				"CODE_SIGN_IDENTITY[sdk=iphoneos*]" = "iPhone Developer";
				COPY_PHASE_STRIP = NO;
				DEBUG_INFORMATION_FORMAT = "dwarf-with-dsym";
				ENABLE_NS_ASSERTIONS = NO;
				ENABLE_STRICT_OBJC_MSGSEND = YES;
				GCC_C_LANGUAGE_STANDARD = gnu99;
				GCC_NO_COMMON_BLOCKS = YES;
				GCC_WARN_64_TO_32_BIT_CONVERSION = YES;
				GCC_WARN_ABOUT_RETURN_TYPE = YES_ERROR;
				GCC_WARN_UNDECLARED_SELECTOR = YES;
				GCC_WARN_UNINITIALIZED_AUTOS = YES_AGGRESSIVE;
				GCC_WARN_UNUSED_FUNCTION = YES;
				GCC_WARN_UNUSED_VARIABLE = YES;
				IPHONEOS_DEPLOYMENT_TARGET = 10.3;
				MTL_ENABLE_DEBUG_INFO = NO;
				SDKROOT = iphoneos;
				SWIFT_OPTIMIZATION_LEVEL = "-Owholemodule";
				TARGETED_DEVICE_FAMILY = "1,2";
				VALIDATE_PRODUCT = YES;
			};
			name = Release;
		};
		3C8D240B1F96BA5D001FC16C /* Debug */ = {
			isa = XCBuildConfiguration;
			baseConfigurationReference = FFB1D31C5F12F314F0AF68DF /* Pods-RainyShinyCloudy.debug.xcconfig */;
			buildSettings = {
				ASSETCATALOG_COMPILER_APPICON_NAME = AppIcon;
				DEVELOPMENT_TEAM = T9Y97N7H43;
				INFOPLIST_FILE = RainyShinyCloudy/Info.plist;
				LD_RUNPATH_SEARCH_PATHS = "$(inherited) @executable_path/Frameworks";
				PRODUCT_BUNDLE_IDENTIFIER = PopcornLabs.RainyShinyCloudy;
				PRODUCT_NAME = "$(TARGET_NAME)";
				SWIFT_VERSION = 3.0;
			};
			name = Debug;
		};
		3C8D240C1F96BA5D001FC16C /* Release */ = {
			isa = XCBuildConfiguration;
			baseConfigurationReference = ACD623BEF4C8CB9FC99945A1 /* Pods-RainyShinyCloudy.release.xcconfig */;
			buildSettings = {
				ASSETCATALOG_COMPILER_APPICON_NAME = AppIcon;
				DEVELOPMENT_TEAM = T9Y97N7H43;
				INFOPLIST_FILE = RainyShinyCloudy/Info.plist;
				LD_RUNPATH_SEARCH_PATHS = "$(inherited) @executable_path/Frameworks";
				PRODUCT_BUNDLE_IDENTIFIER = PopcornLabs.RainyShinyCloudy;
				PRODUCT_NAME = "$(TARGET_NAME)";
				SWIFT_VERSION = 3.0;
			};
			name = Release;
		};
/* End XCBuildConfiguration section */

/* Begin XCConfigurationList section */
		3C8D23F31F96BA5D001FC16C /* Build configuration list for PBXProject "RainyShinyCloudy" */ = {
			isa = XCConfigurationList;
			buildConfigurations = (
				3C8D24081F96BA5D001FC16C /* Debug */,
				3C8D24091F96BA5D001FC16C /* Release */,
			);
			defaultConfigurationIsVisible = 0;
			defaultConfigurationName = Release;
		};
		3C8D240A1F96BA5D001FC16C /* Build configuration list for PBXNativeTarget "RainyShinyCloudy" */ = {
			isa = XCConfigurationList;
			buildConfigurations = (
				3C8D240B1F96BA5D001FC16C /* Debug */,
				3C8D240C1F96BA5D001FC16C /* Release */,
			);
			defaultConfigurationIsVisible = 0;
			defaultConfigurationName = Release;
		};
/* End XCConfigurationList section */
	};
	rootObject = 3C8D23F01F96BA5D001FC16C /* Project object */;
}
